{
  "originHash" : "e055dfc85a91945ade1fb8c81a078df3951cb640a69caad06cfc6060bb034505",
  "pins" : [
    {
      "identity" : "agent-loop-kit",
      "kind" : "remoteSourceControl",
      "location" : "https://github.com/rajatslakhina/agent-loop-kit.git",
      "state" : {
        "revision" : "b9ad3de8bbea46b4c39c11d52c9cafbdc89ebefe",
        "version" : "1.0.0"
      }
    },
    {
      "identity" : "agent-memory-kit",
      "kind" : "remoteSourceControl",
      "location" : "https://github.com/rajatslakhina/agent-memory-kit.git",
      "state" : {
        "revision" : "b3a6bd3edb06e193d0dd42582ac1910432a7477c",
        "version" : "1.0.0"
      }
    },
    {
      "identity" : "batch-inference-kit",
      "kind" : "remoteSourceControl",
      "location" : "https://github.com/rajatslakhina/batch-inference-kit.git",
      "state" : {
        "revision" : "18b73c53857719e23f646c904151e11f4d0f0fa2",
        "version" : "1.0.0"
      }
    },
    {
      "identity" : "citation-binding-kit",
      "kind" : "remoteSourceControl",
      "location" : "https://github.com/rajatslakhina/citation-binding-kit.git",
      "state" : {
        "revision" : "539599205c0f3e388e9e2fc38f073e47cea7799f",
        "version" : "1.0.1"
      }
    },
    {
      "identity" : "claim-consistency-kit",
      "kind" : "remoteSourceControl",
      "location" : "https://github.com/rajatslakhina/claim-consistency-kit.git",
      "state" : {
        "revision" : "a529e17c24695074c3b077688fc26e685525777b",
        "version" : "1.0.0"
      }
    },
    {
      "identity" : "claim-decontextualizer-kit",
      "kind" : "remoteSourceControl",
      "location" : "https://github.com/rajatslakhina/claim-decontextualizer-kit.git",
      "state" : {
        "revision" : "375364064d3685215adddcbb7952ef4c753d4ede",
        "version" : "1.0.1"
      }
    },
    {
      "identity" : "claim-segmenter-kit",
      "kind" : "remoteSourceControl",
      "location" : "https://github.com/rajatslakhina/claim-segmenter-kit.git",
      "state" : {
        "revision" : "3661a7a9b152d02f788f285eab38bad59bfa5e11",
        "version" : "1.1.0"
      }
    },
    {
      "identity" : "context-compaction-kit",
      "kind" : "remoteSourceControl",
      "location" : "https://github.com/rajatslakhina/context-compaction-kit.git",
      "state" : {
        "revision" : "be8770e29c516361d9ab6bcc869a200a6804d172",
        "version" : "1.0.0"
      }
    },
    {
      "identity" : "cost-estimator-kit",
      "kind" : "remoteSourceControl",
      "location" : "https://github.com/rajatslakhina/cost-estimator-kit.git",
      "state" : {
        "revision" : "826b1a3c02befd01bba271511ea6137ae07a2f94",
        "version" : "1.0.0"
      }
    },
    {
      "identity" : "foundation-model-provider-gateway",
      "kind" : "remoteSourceControl",
      "location" : "https://github.com/rajatslakhina/foundation-model-provider-gateway.git",
      "state" : {
        "revision" : "e93e63506bd3d81279cd898ca8a9b25c8fe569f5",
        "version" : "1.0.0"
      }
    },
    {
      "identity" : "grounding-kit",
      "kind" : "remoteSourceControl",
      "location" : "https://github.com/rajatslakhina/grounding-kit.git",
      "state" : {
        "revision" : "f7f160ca46d561aed5b06d9f9f3e5466c4c58997",
        "version" : "1.0.0"
      }
    },
    {
      "identity" : "guardrail-kit",
      "kind" : "remoteSourceControl",
      "location" : "https://github.com/rajatslakhina/guardrail-kit.git",
      "state" : {
        "revision" : "a27c8e98f482cb1032e5c73db5ee13098b098e3e",
        "version" : "1.0.0"
      }
    },
    {
      "identity" : "idempotency-kit",
      "kind" : "remoteSourceControl",
      "location" : "https://github.com/rajatslakhina/idempotency-kit.git",
      "state" : {
        "revision" : "58e429cdd41a6e96611092d93acd93661eba263d",
        "version" : "1.0.0"
      }
    },
    {
      "identity" : "output-repair-kit",
      "kind" : "remoteSourceControl",
      "location" : "https://github.com/rajatslakhina/output-repair-kit.git",
      "state" : {
        "revision" : "e2a25fe1df01d0eabe4139a4b8e7dc7465ebd52d",
        "version" : "1.0.0"
      }
    },
    {
      "identity" : "prompt-template-kit",
      "kind" : "remoteSourceControl",
      "location" : "https://github.com/rajatslakhina/prompt-template-kit.git",
      "state" : {
        "revision" : "eea4b794a1ea5e9e78343003265ca12c818b9ba7",
        "version" : "1.0.0"
      }
    },
    {
      "identity" : "quota-governor-kit",
      "kind" : "remoteSourceControl",
      "location" : "https://github.com/rajatslakhina/quota-governor-kit.git",
      "state" : {
        "revision" : "5f4231aa4c484be26df4769ecddbd23355a2213c",
        "version" : "1.0.0"
      }
    },
    {
      "identity" : "realtime-session-kit",
      "kind" : "remoteSourceControl",
      "location" : "https://github.com/rajatslakhina/realtime-session-kit.git",
      "state" : {
        "revision" : "d924a6f210d40222154d28f52388a0d8a66e0ab7",
        "version" : "1.0.0"
      }
    },
    {
      "identity" : "response-cache-kit",
      "kind" : "remoteSourceControl",
      "location" : "https://github.com/rajatslakhina/response-cache-kit.git",
      "state" : {
        "revision" : "4e2c3636a8d2487186bd030b1b3f1e6550ee574b",
        "version" : "1.0.0"
      }
    },
    {
      "identity" : "retrieval-kit",
      "kind" : "remoteSourceControl",
      "location" : "https://github.com/rajatslakhina/retrieval-kit.git",
      "state" : {
        "revision" : "349c57c04d164dd45114a39f01bd8e46ecc357bc",
        "version" : "1.0.0"
      }
    },
    {
      "identity" : "retry-policy-kit",
      "kind" : "remoteSourceControl",
      "location" : "https://github.com/rajatslakhina/retry-policy-kit.git",
      "state" : {
        "revision" : "7532f7100c90d8acf2a1386690e6c0cab6519bc4",
        "version" : "1.0.0"
      }
    },
    {
      "identity" : "schema-migration-kit",
      "kind" : "remoteSourceControl",
      "location" : "https://github.com/rajatslakhina/schema-migration-kit.git",
      "state" : {
        "revision" : "8c161694357e0c19cf886b17fd956be9a0dc012d",
        "version" : "1.0.0"
      }
    },
    {
      "identity" : "semantic-router-kit",
      "kind" : "remoteSourceControl",
      "location" : "https://github.com/rajatslakhina/semantic-router-kit.git",
      "state" : {
        "revision" : "fdb33b94eb889d1fd810a150225ba44043fc2e94",
        "version" : "1.0.0"
      }
    },
    {
      "identity" : "source-conflict-kit",
      "kind" : "remoteSourceControl",
      "location" : "https://github.com/rajatslakhina/source-conflict-kit.git",
      "state" : {
        "revision" : "773430fbe5984c3f8c1a852b2b973fc7c6a353bf",
        "version" : "1.0.0"
      }
    },
    {
      "identity" : "stream-aggregator-kit",
      "kind" : "remoteSourceControl",
      "location" : "https://github.com/rajatslakhina/stream-aggregator-kit.git",
      "state" : {
        "revision" : "c3c60b2bca69d295a9c9b36287b2f1d27a7f7e20",
        "version" : "1.0.0"
      }
    },
    {
      "identity" : "structured-output-kit",
      "kind" : "remoteSourceControl",
      "location" : "https://github.com/rajatslakhina/structured-output-kit.git",
      "state" : {
        "revision" : "3cefe2bc09a2a311562e999d76a5321dc78f57ae",
        "version" : "1.0.0"
      }
    },
    {
      "identity" : "token-meter-kit",
      "kind" : "remoteSourceControl",
      "location" : "https://github.com/rajatslakhina/token-meter-kit.git",
      "state" : {
        "revision" : "d817dc67b5ea688c556dde40067cc1dd782631ac",
        "version" : "1.0.0"
      }
    },
    {
      "identity" : "tool-authority-kit",
      "kind" : "remoteSourceControl",
      "location" : "https://github.com/rajatslakhina/tool-authority-kit.git",
      "state" : {
        "revision" : "3d35e69a3b227138c3558243adf0e4cba363b96a",
        "version" : "1.0.0"
      }
    },
    {
      "identity" : "tool-registry-kit",
      "kind" : "remoteSourceControl",
      "location" : "https://github.com/rajatslakhina/tool-registry-kit.git",
      "state" : {
        "revision" : "98d712b33235363097ee1779141f8e7ea0cecf8f",
        "version" : "1.0.0"
      }
    },
    {
      "identity" : "trace-kit",
      "kind" : "remoteSourceControl",
      "location" : "https://github.com/rajatslakhina/trace-kit.git",
      "state" : {
        "revision" : "5f7a31768adf9e35acc5b440827e2b5d950d6dcb",
        "version" : "1.0.0"
      }
    },
    {
      "identity" : "workload-profiler-kit",
      "kind" : "remoteSourceControl",
      "location" : "https://github.com/rajatslakhina/workload-profiler-kit.git",
      "state" : {
        "revision" : "30e3164f52c85797bdac9b7274102e31b612fac2",
        "version" : "1.0.0"
      }
    }
  ],
  "version" : 3
}
