{
  "originHash" : "36e4c600364f3a6f7e38c64ada5c093ecfcd9091b6d80f53685ff02bf4cf5cd7",
  "pins" : [
    {
      "identity" : "agent-loop-kit",
      "kind" : "remoteSourceControl",
      "location" : "https://github.com/rajatslakhina/agent-loop-kit.git",
      "state" : {
        "revision" : "b9ad3de8bbea46b4c39c11d52c9cafbdc89ebefe",
        "version" : "1.0.0"
      }
    },
    {
      "identity" : "foundation-model-provider-gateway",
      "kind" : "remoteSourceControl",
      "location" : "https://github.com/rajatslakhina/foundation-model-provider-gateway.git",
      "state" : {
        "revision" : "e93e63506bd3d81279cd898ca8a9b25c8fe569f5",
        "version" : "1.0.0"
      }
    },
    {
      "identity" : "guardrail-kit",
      "kind" : "remoteSourceControl",
      "location" : "https://github.com/rajatslakhina/guardrail-kit.git",
      "state" : {
        "revision" : "a27c8e98f482cb1032e5c73db5ee13098b098e3e",
        "version" : "1.0.0"
      }
    },
    {
      "identity" : "response-cache-kit",
      "kind" : "remoteSourceControl",
      "location" : "https://github.com/rajatslakhina/response-cache-kit.git",
      "state" : {
        "revision" : "4e2c3636a8d2487186bd030b1b3f1e6550ee574b",
        "version" : "1.0.0"
      }
    },
    {
      "identity" : "retrieval-kit",
      "kind" : "remoteSourceControl",
      "location" : "https://github.com/rajatslakhina/retrieval-kit.git",
      "state" : {
        "revision" : "349c57c04d164dd45114a39f01bd8e46ecc357bc",
        "version" : "1.0.0"
      }
    },
    {
      "identity" : "structured-output-kit",
      "kind" : "remoteSourceControl",
      "location" : "https://github.com/rajatslakhina/structured-output-kit.git",
      "state" : {
        "revision" : "3cefe2bc09a2a311562e999d76a5321dc78f57ae",
        "version" : "1.0.0"
      }
    },
    {
      "identity" : "token-meter-kit",
      "kind" : "remoteSourceControl",
      "location" : "https://github.com/rajatslakhina/token-meter-kit.git",
      "state" : {
        "revision" : "d817dc67b5ea688c556dde40067cc1dd782631ac",
        "version" : "1.0.0"
      }
    },
    {
      "identity" : "tool-registry-kit",
      "kind" : "remoteSourceControl",
      "location" : "https://github.com/rajatslakhina/tool-registry-kit.git",
      "state" : {
        "revision" : "98d712b33235363097ee1779141f8e7ea0cecf8f",
        "version" : "1.0.0"
      }
    },
    {
      "identity" : "trace-kit",
      "kind" : "remoteSourceControl",
      "location" : "https://github.com/rajatslakhina/trace-kit.git",
      "state" : {
        "revision" : "5f7a31768adf9e35acc5b440827e2b5d950d6dcb",
        "version" : "1.0.0"
      }
    }
  ],
  "version" : 3
}
